#Block error handling example(This will ‘revert’ the failed status of the task for the run and the play will continue as if it had succeeded.)
---
 - name: Handle the error
   block:
     - debug:
         msg: 'I execute normally'
     - name: i force a failure
       command: /bin/false
     - debug:
         msg: 'I never execute, due to the above task failing, :-('
   rescue:
     - debug:
         msg: 'I caught an error, can do stuff here to fix it, :-)'
   tags:
     - tag1
   